
Microsoft Visual Studio Solution File, Format Version 12.00
# Visual Studio 15
VisualStudioVersion = 15.0.26730.12
MinimumVisualStudioVersion = 10.0.40219.1
Project("{FAE04EC0-301F-11D3-BF4B-00C04F79EFBC}") = "CPRuntime", "CPRuntime\CPRuntime.csproj", "{66F9985C-77B3-4079-A35D-9742EB9054BA}"
	ProjectSection(ProjectDependencies) = postProject
		{32D9C8A9-701D-45CE-A2D3-B5F431AA57AF} = {32D9C8A9-701D-45CE-A2D3-B5F431AA57AF}
	EndProjectSection
EndProject
Project("{FAE04EC0-301F-11D3-BF4B-00C04F79EFBC}") = "ShadowFrameworkUnity", "ShadowFramework\ShadowFrameworkUnity.csproj", "{32D9C8A9-701D-45CE-A2D3-B5F431AA57AF}"
EndProject
Project("{FAE04EC0-301F-11D3-BF4B-00C04F79EFBC}") = "ShadowFrameworkUnityTests", "ShadowFrameworkUnityTests\ShadowFrameworkUnityTests.csproj", "{E3AB055F-1EBB-4B0D-B2E2-B5AC74F78CCA}"
EndProject
Global
	GlobalSection(SolutionConfigurationPlatforms) = preSolution
		Debug|Any CPU = Debug|Any CPU
		Release|Any CPU = Release|Any CPU
	EndGlobalSection
	GlobalSection(ProjectConfigurationPlatforms) = postSolution
		{66F9985C-77B3-4079-A35D-9742EB9054BA}.Debug|Any CPU.ActiveCfg = Debug|Any CPU
		{66F9985C-77B3-4079-A35D-9742EB9054BA}.Debug|Any CPU.Build.0 = Debug|Any CPU
		{66F9985C-77B3-4079-A35D-9742EB9054BA}.Release|Any CPU.ActiveCfg = Release|Any CPU
		{32D9C8A9-701D-45CE-A2D3-B5F431AA57AF}.Debug|Any CPU.ActiveCfg = Debug|Any CPU
		{32D9C8A9-701D-45CE-A2D3-B5F431AA57AF}.Debug|Any CPU.Build.0 = Debug|Any CPU
		{32D9C8A9-701D-45CE-A2D3-B5F431AA57AF}.Release|Any CPU.ActiveCfg = Release|Any CPU
		{E3AB055F-1EBB-4B0D-B2E2-B5AC74F78CCA}.Debug|Any CPU.ActiveCfg = Debug|Any CPU
		{E3AB055F-1EBB-4B0D-B2E2-B5AC74F78CCA}.Debug|Any CPU.Build.0 = Debug|Any CPU
		{E3AB055F-1EBB-4B0D-B2E2-B5AC74F78CCA}.Release|Any CPU.ActiveCfg = Release|Any CPU
		{E3AB055F-1EBB-4B0D-B2E2-B5AC74F78CCA}.Release|Any CPU.Build.0 = Release|Any CPU
	EndGlobalSection
	GlobalSection(SolutionProperties) = preSolution
		HideSolutionNode = FALSE
	EndGlobalSection
	GlobalSection(ExtensibilityGlobals) = postSolution
		SolutionGuid = {B51D1533-2E27-44A3-B424-336F01714390}
	EndGlobalSection
EndGlobal
